
Microsoft Visual Studio Solution File, Format Version 12.00
# Visual Studio Version 17
VisualStudioVersion = 17.6.33723.286
MinimumVisualStudioVersion = 10.0.40219.1
Project("{FAE04EC0-301F-11D3-BF4B-00C04F79EFBC}") = "RavenImageClassification", "RavenImageClassification.csproj", "{AAA1E141-7185-4CF8-9B09-8F6045F5E43F}"
EndProject
Global
	GlobalSection(SolutionConfigurationPlatforms) = preSolution
		Debug|Any CPU = Debug|Any CPU
		Release|Any CPU = Release|Any CPU
	EndGlobalSection
	GlobalSection(ProjectConfigurationPlatforms) = postSolution
		{AAA1E141-7185-4CF8-9B09-8F6045F5E43F}.Debug|Any CPU.ActiveCfg = Debug|Any CPU
		{AAA1E141-7185-4CF8-9B09-8F6045F5E43F}.Debug|Any CPU.Build.0 = Debug|Any CPU
		{AAA1E141-7185-4CF8-9B09-8F6045F5E43F}.Release|Any CPU.ActiveCfg = Release|Any CPU
		{AAA1E141-7185-4CF8-9B09-8F6045F5E43F}.Release|Any CPU.Build.0 = Release|Any CPU
	EndGlobalSection
	GlobalSection(SolutionProperties) = preSolution
		HideSolutionNode = FALSE
	EndGlobalSection
	GlobalSection(ExtensibilityGlobals) = postSolution
		SolutionGuid = {AA1C6B5D-16F5-4CDC-A1F0-04AEEED65CE9}
	EndGlobalSection
EndGlobal
